
Microsoft Visual Studio Solution File, Format Version 12.00
# Visual Studio Version 17
VisualStudioVersion = 17.5.33530.505
MinimumVisualStudioVersion = 10.0.40219.1
Project("{9A19103F-16F7-4668-BE54-9A1E7A4F7556}") = "Mashinka", "Mashinka.csproj", "{A9614357-3599-449D-8EF4-831331C4230A}"
EndProject
Project("{9A19103F-16F7-4668-BE54-9A1E7A4F7556}") = "WebApplication1", "..\WebApplication1\WebApplication1.csproj", "{2E2625CF-B32F-4167-89E8-51B758511597}"
EndProject
Global
	GlobalSection(SolutionConfigurationPlatforms) = preSolution
		Debug|Any CPU = Debug|Any CPU
		Release|Any CPU = Release|Any CPU
	EndGlobalSection
	GlobalSection(ProjectConfigurationPlatforms) = postSolution
		{A9614357-3599-449D-8EF4-831331C4230A}.Debug|Any CPU.ActiveCfg = Debug|Any CPU
		{A9614357-3599-449D-8EF4-831331C4230A}.Debug|Any CPU.Build.0 = Debug|Any CPU
		{A9614357-3599-449D-8EF4-831331C4230A}.Release|Any CPU.ActiveCfg = Release|Any CPU
		{A9614357-3599-449D-8EF4-831331C4230A}.Release|Any CPU.Build.0 = Release|Any CPU
		{2E2625CF-B32F-4167-89E8-51B758511597}.Debug|Any CPU.ActiveCfg = Debug|Any CPU
		{2E2625CF-B32F-4167-89E8-51B758511597}.Debug|Any CPU.Build.0 = Debug|Any CPU
		{2E2625CF-B32F-4167-89E8-51B758511597}.Release|Any CPU.ActiveCfg = Release|Any CPU
		{2E2625CF-B32F-4167-89E8-51B758511597}.Release|Any CPU.Build.0 = Release|Any CPU
	EndGlobalSection
	GlobalSection(SolutionProperties) = preSolution
		HideSolutionNode = FALSE
	EndGlobalSection
	GlobalSection(ExtensibilityGlobals) = postSolution
		SolutionGuid = {3F872084-962C-4D2F-8D46-9308CBF246D0}
	EndGlobalSection
EndGlobal
